// !$*UTF8*$!
{
	archiveVersion = 1;
	classes = {
	};
	objectVersion = 50;
	objects = {

/* Begin PBXBuildFile section */
		61184EC225861F2400585997 /* ArticleCell.swift in Sources */ = {isa = PBXBuildFile; fileRef = 61184EC125861F2400585997 /* ArticleCell.swift */; };
		61184EC625864D9800585997 /* NYTTitleLabel.swift in Sources */ = {isa = PBXBuildFile; fileRef = 61184EC525864D9800585997 /* NYTTitleLabel.swift */; };
		61184EC92586568D00585997 /* NYTLabel.swift in Sources */ = {isa = PBXBuildFile; fileRef = 61184EC82586568D00585997 /* NYTLabel.swift */; };
		611AF927258612C900FC09C0 /* NYTimesError.swift in Sources */ = {isa = PBXBuildFile; fileRef = 611AF926258612C900FC09C0 /* NYTimesError.swift */; };
		613AEA6A2582996E00F95515 /* AppDelegate.swift in Sources */ = {isa = PBXBuildFile; fileRef = 613AEA692582996E00F95515 /* AppDelegate.swift */; };
		613AEA6C2582996E00F95515 /* SceneDelegate.swift in Sources */ = {isa = PBXBuildFile; fileRef = 613AEA6B2582996E00F95515 /* SceneDelegate.swift */; };
		613AEA732582997200F95515 /* Assets.xcassets in Resources */ = {isa = PBXBuildFile; fileRef = 613AEA722582997200F95515 /* Assets.xcassets */; };
		613AEA762582997200F95515 /* LaunchScreen.storyboard in Resources */ = {isa = PBXBuildFile; fileRef = 613AEA742582997200F95515 /* LaunchScreen.storyboard */; };
		614DF7F42588FECC00740C08 /* UILabel+Ext.swift in Sources */ = {isa = PBXBuildFile; fileRef = 614DF7F32588FECC00740C08 /* UILabel+Ext.swift */; };
		616EAD252586A8BC00BB2D2D /* UIView+Ext.swift in Sources */ = {isa = PBXBuildFile; fileRef = 616EAD242586A8BC00BB2D2D /* UIView+Ext.swift */; };
		6188DEE42587ED4C001758F7 /* ArticleDetailsVC.swift in Sources */ = {isa = PBXBuildFile; fileRef = 6188DEE32587ED4C001758F7 /* ArticleDetailsVC.swift */; };
		61A928722582B22C00D2E378 /* MostPopularArticlesVC.swift in Sources */ = {isa = PBXBuildFile; fileRef = 61A928712582B22C00D2E378 /* MostPopularArticlesVC.swift */; };
		61A928752582B2E400D2E378 /* SearchVC.swift in Sources */ = {isa = PBXBuildFile; fileRef = 61A928742582B2E400D2E378 /* SearchVC.swift */; };
		61AD686525834877009C93A4 /* Article.swift in Sources */ = {isa = PBXBuildFile; fileRef = 61AD686425834877009C93A4 /* Article.swift */; };
		61AD686A2583D350009C93A4 /* NetworkManager.swift in Sources */ = {isa = PBXBuildFile; fileRef = 61AD68692583D350009C93A4 /* NetworkManager.swift */; };
		61FD3C3625865B0A0027E29A /* NYTImageView.swift in Sources */ = {isa = PBXBuildFile; fileRef = 61FD3C3525865B0A0027E29A /* NYTImageView.swift */; };
/* End PBXBuildFile section */

/* Begin PBXFileReference section */
		61184EC125861F2400585997 /* ArticleCell.swift */ = {isa = PBXFileReference; lastKnownFileType = sourcecode.swift; path = ArticleCell.swift; sourceTree = "<group>"; };
		61184EC525864D9800585997 /* NYTTitleLabel.swift */ = {isa = PBXFileReference; lastKnownFileType = sourcecode.swift; path = NYTTitleLabel.swift; sourceTree = "<group>"; };
		61184EC82586568D00585997 /* NYTLabel.swift */ = {isa = PBXFileReference; lastKnownFileType = sourcecode.swift; path = NYTLabel.swift; sourceTree = "<group>"; };
		611AF926258612C900FC09C0 /* NYTimesError.swift */ = {isa = PBXFileReference; lastKnownFileType = sourcecode.swift; path = NYTimesError.swift; sourceTree = "<group>"; };
		613AEA662582996E00F95515 /* NYTimes News.app */ = {isa = PBXFileReference; explicitFileType = wrapper.application; includeInIndex = 0; path = "NYTimes News.app"; sourceTree = BUILT_PRODUCTS_DIR; };
		613AEA692582996E00F95515 /* AppDelegate.swift */ = {isa = PBXFileReference; lastKnownFileType = sourcecode.swift; path = AppDelegate.swift; sourceTree = "<group>"; };
		613AEA6B2582996E00F95515 /* SceneDelegate.swift */ = {isa = PBXFileReference; lastKnownFileType = sourcecode.swift; path = SceneDelegate.swift; sourceTree = "<group>"; };
		613AEA722582997200F95515 /* Assets.xcassets */ = {isa = PBXFileReference; lastKnownFileType = folder.assetcatalog; path = Assets.xcassets; sourceTree = "<group>"; };
		613AEA752582997200F95515 /* Base */ = {isa = PBXFileReference; lastKnownFileType = file.storyboard; name = Base; path = Base.lproj/LaunchScreen.storyboard; sourceTree = "<group>"; };
		613AEA772582997200F95515 /* Info.plist */ = {isa = PBXFileReference; lastKnownFileType = text.plist.xml; path = Info.plist; sourceTree = "<group>"; };
		614DF7F32588FECC00740C08 /* UILabel+Ext.swift */ = {isa = PBXFileReference; lastKnownFileType = sourcecode.swift; path = "UILabel+Ext.swift"; sourceTree = "<group>"; };
		616EAD242586A8BC00BB2D2D /* UIView+Ext.swift */ = {isa = PBXFileReference; lastKnownFileType = sourcecode.swift; path = "UIView+Ext.swift"; sourceTree = "<group>"; };
		6188DEE32587ED4C001758F7 /* ArticleDetailsVC.swift */ = {isa = PBXFileReference; lastKnownFileType = sourcecode.swift; path = ArticleDetailsVC.swift; sourceTree = "<group>"; };
		61A928712582B22C00D2E378 /* MostPopularArticlesVC.swift */ = {isa = PBXFileReference; lastKnownFileType = sourcecode.swift; path = MostPopularArticlesVC.swift; sourceTree = "<group>"; };
		61A928742582B2E400D2E378 /* SearchVC.swift */ = {isa = PBXFileReference; lastKnownFileType = sourcecode.swift; path = SearchVC.swift; sourceTree = "<group>"; };
		61AD686425834877009C93A4 /* Article.swift */ = {isa = PBXFileReference; lastKnownFileType = sourcecode.swift; path = Article.swift; sourceTree = "<group>"; };
		61AD68692583D350009C93A4 /* NetworkManager.swift */ = {isa = PBXFileReference; lastKnownFileType = sourcecode.swift; path = NetworkManager.swift; sourceTree = "<group>"; };
		61FD3C3525865B0A0027E29A /* NYTImageView.swift */ = {isa = PBXFileReference; lastKnownFileType = sourcecode.swift; path = NYTImageView.swift; sourceTree = "<group>"; };
/* End PBXFileReference section */

/* Begin PBXFrameworksBuildPhase section */
		613AEA632582996E00F95515 /* Frameworks */ = {
			isa = PBXFrameworksBuildPhase;
			buildActionMask = 2147483647;
			files = (
			);
			runOnlyForDeploymentPostprocessing = 0;
		};
/* End PBXFrameworksBuildPhase section */

/* Begin PBXGroup section */
		61184EC025861EED00585997 /* Custom Views */ = {
			isa = PBXGroup;
			children = (
				61184EC125861F2400585997 /* ArticleCell.swift */,
				61184EC525864D9800585997 /* NYTTitleLabel.swift */,
				61184EC82586568D00585997 /* NYTLabel.swift */,
				61FD3C3525865B0A0027E29A /* NYTImageView.swift */,
			);
			path = "Custom Views";
			sourceTree = "<group>";
		};
		611AF9252586122400FC09C0 /* Utilities */ = {
			isa = PBXGroup;
			children = (
				611AF926258612C900FC09C0 /* NYTimesError.swift */,
			);
			path = Utilities;
			sourceTree = "<group>";
		};
		613AEA5D2582996E00F95515 = {
			isa = PBXGroup;
			children = (
				613AEA682582996E00F95515 /* NYTimes News */,
				613AEA672582996E00F95515 /* Products */,
			);
			sourceTree = "<group>";
		};
		613AEA672582996E00F95515 /* Products */ = {
			isa = PBXGroup;
			children = (
				613AEA662582996E00F95515 /* NYTimes News.app */,
			);
			name = Products;
			sourceTree = "<group>";
		};
		613AEA682582996E00F95515 /* NYTimes News */ = {
			isa = PBXGroup;
			children = (
				616EAD232586A88800BB2D2D /* Extension */,
				61184EC025861EED00585997 /* Custom Views */,
				611AF9252586122400FC09C0 /* Utilities */,
				61AD68682583D337009C93A4 /* Managers */,
				61AD68632583484D009C93A4 /* Model */,
				61AD686025833D4E009C93A4 /* Screens */,
				61AD686125833E92009C93A4 /* Support */,
				613AEA772582997200F95515 /* Info.plist */,
			);
			path = "NYTimes News";
			sourceTree = "<group>";
		};
		616EAD232586A88800BB2D2D /* Extension */ = {
			isa = PBXGroup;
			children = (
				616EAD242586A8BC00BB2D2D /* UIView+Ext.swift */,
				614DF7F32588FECC00740C08 /* UILabel+Ext.swift */,
			);
			path = Extension;
			sourceTree = "<group>";
		};
		61AD686025833D4E009C93A4 /* Screens */ = {
			isa = PBXGroup;
			children = (
				61A928712582B22C00D2E378 /* MostPopularArticlesVC.swift */,
				61A928742582B2E400D2E378 /* SearchVC.swift */,
				6188DEE32587ED4C001758F7 /* ArticleDetailsVC.swift */,
			);
			path = Screens;
			sourceTree = "<group>";
		};
		61AD686125833E92009C93A4 /* Support */ = {
			isa = PBXGroup;
			children = (
				613AEA692582996E00F95515 /* AppDelegate.swift */,
				613AEA6B2582996E00F95515 /* SceneDelegate.swift */,
				613AEA722582997200F95515 /* Assets.xcassets */,
				613AEA742582997200F95515 /* LaunchScreen.storyboard */,
			);
			path = Support;
			sourceTree = "<group>";
		};
		61AD68632583484D009C93A4 /* Model */ = {
			isa = PBXGroup;
			children = (
				61AD686425834877009C93A4 /* Article.swift */,
			);
			path = Model;
			sourceTree = "<group>";
		};
		61AD68682583D337009C93A4 /* Managers */ = {
			isa = PBXGroup;
			children = (
				61AD68692583D350009C93A4 /* NetworkManager.swift */,
			);
			path = Managers;
			sourceTree = "<group>";
		};
/* End PBXGroup section */

/* Begin PBXNativeTarget section */
		613AEA652582996E00F95515 /* NYTimes News */ = {
			isa = PBXNativeTarget;
			buildConfigurationList = 613AEA7A2582997200F95515 /* Build configuration list for PBXNativeTarget "NYTimes News" */;
			buildPhases = (
				613AEA622582996E00F95515 /* Sources */,
				613AEA632582996E00F95515 /* Frameworks */,
				613AEA642582996E00F95515 /* Resources */,
			);
			buildRules = (
			);
			dependencies = (
			);
			name = "NYTimes News";
			productName = "NYTimes News";
			productReference = 613AEA662582996E00F95515 /* NYTimes News.app */;
			productType = "com.apple.product-type.application";
		};
/* End PBXNativeTarget section */

/* Begin PBXProject section */
		613AEA5E2582996E00F95515 /* Project object */ = {
			isa = PBXProject;
			attributes = {
				LastSwiftUpdateCheck = 1220;
				LastUpgradeCheck = 1220;
				TargetAttributes = {
					613AEA652582996E00F95515 = {
						CreatedOnToolsVersion = 12.2;
					};
				};
			};
			buildConfigurationList = 613AEA612582996E00F95515 /* Build configuration list for PBXProject "NYTimes News" */;
			compatibilityVersion = "Xcode 9.3";
			developmentRegion = en;
			hasScannedForEncodings = 0;
			knownRegions = (
				en,
				Base,
			);
			mainGroup = 613AEA5D2582996E00F95515;
			productRefGroup = 613AEA672582996E00F95515 /* Products */;
			projectDirPath = "";
			projectRoot = "";
			targets = (
				613AEA652582996E00F95515 /* NYTimes News */,
			);
		};
/* End PBXProject section */

/* Begin PBXResourcesBuildPhase section */
		613AEA642582996E00F95515 /* Resources */ = {
			isa = PBXResourcesBuildPhase;
			buildActionMask = 2147483647;
			files = (
				613AEA762582997200F95515 /* LaunchScreen.storyboard in Resources */,
				613AEA732582997200F95515 /* Assets.xcassets in Resources */,
			);
			runOnlyForDeploymentPostprocessing = 0;
		};
/* End PBXResourcesBuildPhase section */

/* Begin PBXSourcesBuildPhase section */
		613AEA622582996E00F95515 /* Sources */ = {
			isa = PBXSourcesBuildPhase;
			buildActionMask = 2147483647;
			files = (
				61184EC225861F2400585997 /* ArticleCell.swift in Sources */,
				61184EC625864D9800585997 /* NYTTitleLabel.swift in Sources */,
				61AD686A2583D350009C93A4 /* NetworkManager.swift in Sources */,
				61184EC92586568D00585997 /* NYTLabel.swift in Sources */,
				6188DEE42587ED4C001758F7 /* ArticleDetailsVC.swift in Sources */,
				61A928722582B22C00D2E378 /* MostPopularArticlesVC.swift in Sources */,
				614DF7F42588FECC00740C08 /* UILabel+Ext.swift in Sources */,
				61A928752582B2E400D2E378 /* SearchVC.swift in Sources */,
				613AEA6A2582996E00F95515 /* AppDelegate.swift in Sources */,
				613AEA6C2582996E00F95515 /* SceneDelegate.swift in Sources */,
				616EAD252586A8BC00BB2D2D /* UIView+Ext.swift in Sources */,
				61AD686525834877009C93A4 /* Article.swift in Sources */,
				611AF927258612C900FC09C0 /* NYTimesError.swift in Sources */,
				61FD3C3625865B0A0027E29A /* NYTImageView.swift in Sources */,
			);
			runOnlyForDeploymentPostprocessing = 0;
		};
/* End PBXSourcesBuildPhase section */

/* Begin PBXVariantGroup section */
		613AEA742582997200F95515 /* LaunchScreen.storyboard */ = {
			isa = PBXVariantGroup;
			children = (
				613AEA752582997200F95515 /* Base */,
			);
			name = LaunchScreen.storyboard;
			sourceTree = "<group>";
		};
/* End PBXVariantGroup section */

/* Begin XCBuildConfiguration section */
		613AEA782582997200F95515 /* Debug */ = {
			isa = XCBuildConfiguration;
			buildSettings = {
				ALWAYS_SEARCH_USER_PATHS = NO;
				CLANG_ANALYZER_NONNULL = YES;
				CLANG_ANALYZER_NUMBER_OBJECT_CONVERSION = YES_AGGRESSIVE;
				CLANG_CXX_LANGUAGE_STANDARD = "gnu++14";
				CLANG_CXX_LIBRARY = "libc++";
				CLANG_ENABLE_MODULES = YES;
				CLANG_ENABLE_OBJC_ARC = YES;
				CLANG_ENABLE_OBJC_WEAK = YES;
				CLANG_WARN_BLOCK_CAPTURE_AUTORELEASING = YES;
				CLANG_WARN_BOOL_CONVERSION = YES;
				CLANG_WARN_COMMA = YES;
				CLANG_WARN_CONSTANT_CONVERSION = YES;
				CLANG_WARN_DEPRECATED_OBJC_IMPLEMENTATIONS = YES;
				CLANG_WARN_DIRECT_OBJC_ISA_USAGE = YES_ERROR;
				CLANG_WARN_DOCUMENTATION_COMMENTS = YES;
				CLANG_WARN_EMPTY_BODY = YES;
				CLANG_WARN_ENUM_CONVERSION = YES;
				CLANG_WARN_INFINITE_RECURSION = YES;
				CLANG_WARN_INT_CONVERSION = YES;
				CLANG_WARN_NON_LITERAL_NULL_CONVERSION = YES;
				CLANG_WARN_OBJC_IMPLICIT_RETAIN_SELF = YES;
				CLANG_WARN_OBJC_LITERAL_CONVERSION = YES;
				CLANG_WARN_OBJC_ROOT_CLASS = YES_ERROR;
				CLANG_WARN_QUOTED_INCLUDE_IN_FRAMEWORK_HEADER = YES;
				CLANG_WARN_RANGE_LOOP_ANALYSIS = YES;
				CLANG_WARN_STRICT_PROTOTYPES = YES;
				CLANG_WARN_SUSPICIOUS_MOVE = YES;
				CLANG_WARN_UNGUARDED_AVAILABILITY = YES_AGGRESSIVE;
				CLANG_WARN_UNREACHABLE_CODE = YES;
				CLANG_WARN__DUPLICATE_METHOD_MATCH = YES;
				COPY_PHASE_STRIP = NO;
				DEBUG_INFORMATION_FORMAT = dwarf;
				ENABLE_STRICT_OBJC_MSGSEND = YES;
				ENABLE_TESTABILITY = YES;
				GCC_C_LANGUAGE_STANDARD = gnu11;
				GCC_DYNAMIC_NO_PIC = NO;
				GCC_NO_COMMON_BLOCKS = YES;
				GCC_OPTIMIZATION_LEVEL = 0;
				GCC_PREPROCESSOR_DEFINITIONS = (
					"DEBUG=1",
					"$(inherited)",
				);
				GCC_WARN_64_TO_32_BIT_CONVERSION = YES;
				GCC_WARN_ABOUT_RETURN_TYPE = YES_ERROR;
				GCC_WARN_UNDECLARED_SELECTOR = YES;
				GCC_WARN_UNINITIALIZED_AUTOS = YES_AGGRESSIVE;
				GCC_WARN_UNUSED_FUNCTION = YES;
				GCC_WARN_UNUSED_VARIABLE = YES;
				IPHONEOS_DEPLOYMENT_TARGET = 14.2;
				MTL_ENABLE_DEBUG_INFO = INCLUDE_SOURCE;
				MTL_FAST_MATH = YES;
				ONLY_ACTIVE_ARCH = YES;
				SDKROOT = iphoneos;
				SWIFT_ACTIVE_COMPILATION_CONDITIONS = DEBUG;
				SWIFT_OPTIMIZATION_LEVEL = "-Onone";
			};
			name = Debug;
		};
		613AEA792582997200F95515 /* Release */ = {
			isa = XCBuildConfiguration;
			buildSettings = {
				ALWAYS_SEARCH_USER_PATHS = NO;
				CLANG_ANALYZER_NONNULL = YES;
				CLANG_ANALYZER_NUMBER_OBJECT_CONVERSION = YES_AGGRESSIVE;
				CLANG_CXX_LANGUAGE_STANDARD = "gnu++14";
				CLANG_CXX_LIBRARY = "libc++";
				CLANG_ENABLE_MODULES = YES;
				CLANG_ENABLE_OBJC_ARC = YES;
				CLANG_ENABLE_OBJC_WEAK = YES;
				CLANG_WARN_BLOCK_CAPTURE_AUTORELEASING = YES;
				CLANG_WARN_BOOL_CONVERSION = YES;
				CLANG_WARN_COMMA = YES;
				CLANG_WARN_CONSTANT_CONVERSION = YES;
				CLANG_WARN_DEPRECATED_OBJC_IMPLEMENTATIONS = YES;
				CLANG_WARN_DIRECT_OBJC_ISA_USAGE = YES_ERROR;
				CLANG_WARN_DOCUMENTATION_COMMENTS = YES;
				CLANG_WARN_EMPTY_BODY = YES;
				CLANG_WARN_ENUM_CONVERSION = YES;
				CLANG_WARN_INFINITE_RECURSION = YES;
				CLANG_WARN_INT_CONVERSION = YES;
				CLANG_WARN_NON_LITERAL_NULL_CONVERSION = YES;
				CLANG_WARN_OBJC_IMPLICIT_RETAIN_SELF = YES;
				CLANG_WARN_OBJC_LITERAL_CONVERSION = YES;
				CLANG_WARN_OBJC_ROOT_CLASS = YES_ERROR;
				CLANG_WARN_QUOTED_INCLUDE_IN_FRAMEWORK_HEADER = YES;
				CLANG_WARN_RANGE_LOOP_ANALYSIS = YES;
				CLANG_WARN_STRICT_PROTOTYPES = YES;
				CLANG_WARN_SUSPICIOUS_MOVE = YES;
				CLANG_WARN_UNGUARDED_AVAILABILITY = YES_AGGRESSIVE;
				CLANG_WARN_UNREACHABLE_CODE = YES;
				CLANG_WARN__DUPLICATE_METHOD_MATCH = YES;
				COPY_PHASE_STRIP = NO;
				DEBUG_INFORMATION_FORMAT = "dwarf-with-dsym";
				ENABLE_NS_ASSERTIONS = NO;
				ENABLE_STRICT_OBJC_MSGSEND = YES;
				GCC_C_LANGUAGE_STANDARD = gnu11;
				GCC_NO_COMMON_BLOCKS = YES;
				GCC_WARN_64_TO_32_BIT_CONVERSION = YES;
				GCC_WARN_ABOUT_RETURN_TYPE = YES_ERROR;
				GCC_WARN_UNDECLARED_SELECTOR = YES;
				GCC_WARN_UNINITIALIZED_AUTOS = YES_AGGRESSIVE;
				GCC_WARN_UNUSED_FUNCTION = YES;
				GCC_WARN_UNUSED_VARIABLE = YES;
				IPHONEOS_DEPLOYMENT_TARGET = 14.2;
				MTL_ENABLE_DEBUG_INFO = NO;
				MTL_FAST_MATH = YES;
				SDKROOT = iphoneos;
				SWIFT_COMPILATION_MODE = wholemodule;
				SWIFT_OPTIMIZATION_LEVEL = "-O";
				VALIDATE_PRODUCT = YES;
			};
			name = Release;
		};
		613AEA7B2582997200F95515 /* Debug */ = {
			isa = XCBuildConfiguration;
			buildSettings = {
				ASSETCATALOG_COMPILER_APPICON_NAME = AppIcon;
				ASSETCATALOG_COMPILER_GLOBAL_ACCENT_COLOR_NAME = AccentColor;
				CODE_SIGN_STYLE = Automatic;
				DEVELOPMENT_TEAM = 8WWJWU7869;
				INFOPLIST_FILE = "NYTimes News/Info.plist";
				LD_RUNPATH_SEARCH_PATHS = (
					"$(inherited)",
					"@executable_path/Frameworks",
				);
				PRODUCT_BUNDLE_IDENTIFIER = "com.mobileappskitchen.NYTimes-News";
				PRODUCT_NAME = "$(TARGET_NAME)";
				SWIFT_VERSION = 5.0;
				TARGETED_DEVICE_FAMILY = 1;
			};
			name = Debug;
		};
		613AEA7C2582997200F95515 /* Release */ = {
			isa = XCBuildConfiguration;
			buildSettings = {
				ASSETCATALOG_COMPILER_APPICON_NAME = AppIcon;
				ASSETCATALOG_COMPILER_GLOBAL_ACCENT_COLOR_NAME = AccentColor;
				CODE_SIGN_STYLE = Automatic;
				DEVELOPMENT_TEAM = 8WWJWU7869;
				INFOPLIST_FILE = "NYTimes News/Info.plist";
				LD_RUNPATH_SEARCH_PATHS = (
					"$(inherited)",
					"@executable_path/Frameworks",
				);
				PRODUCT_BUNDLE_IDENTIFIER = "com.mobileappskitchen.NYTimes-News";
				PRODUCT_NAME = "$(TARGET_NAME)";
				SWIFT_VERSION = 5.0;
				TARGETED_DEVICE_FAMILY = 1;
			};
			name = Release;
		};
/* End XCBuildConfiguration section */

/* Begin XCConfigurationList section */
		613AEA612582996E00F95515 /* Build configuration list for PBXProject "NYTimes News" */ = {
			isa = XCConfigurationList;
			buildConfigurations = (
				613AEA782582997200F95515 /* Debug */,
				613AEA792582997200F95515 /* Release */,
			);
			defaultConfigurationIsVisible = 0;
			defaultConfigurationName = Release;
		};
		613AEA7A2582997200F95515 /* Build configuration list for PBXNativeTarget "NYTimes News" */ = {
			isa = XCConfigurationList;
			buildConfigurations = (
				613AEA7B2582997200F95515 /* Debug */,
				613AEA7C2582997200F95515 /* Release */,
			);
			defaultConfigurationIsVisible = 0;
			defaultConfigurationName = Release;
		};
/* End XCConfigurationList section */
	};
	rootObject = 613AEA5E2582996E00F95515 /* Project object */;
}
